
Microsoft Visual Studio Solution File, Format Version 12.00
# Visual Studio Version 17
VisualStudioVersion = 17.14.37328.6 d17.14
MinimumVisualStudioVersion = 10.0.40219.1
Project("{FAE04EC0-301F-11D3-BF4B-00C04F79EFBC}") = "Bibliotheques.Api", "Bibliotheques\Bibliotheques.Api.csproj", "{43112B7B-E8E0-B94A-C02C-40D0D87777C5}"
EndProject
Project("{FAE04EC0-301F-11D3-BF4B-00C04F79EFBC}") = "Bibliotheques.Core", "Bibliotheques.Core\Bibliotheques.Core.csproj", "{81D456DE-75E8-4338-B057-E28FB80F29A1}"
EndProject
Project("{FAE04EC0-301F-11D3-BF4B-00C04F79EFBC}") = "Bibliotheques.Data", "Bibliotheques.Data\Bibliotheques.Data.csproj", "{2103775C-758B-4D29-9918-933F4EBAD180}"
EndProject
Global
	GlobalSection(SolutionConfigurationPlatforms) = preSolution
		Debug|Any CPU = Debug|Any CPU
		Release|Any CPU = Release|Any CPU
	EndGlobalSection
	GlobalSection(ProjectConfigurationPlatforms) = postSolution
		{43112B7B-E8E0-B94A-C02C-40D0D87777C5}.Debug|Any CPU.ActiveCfg = Debug|Any CPU
		{43112B7B-E8E0-B94A-C02C-40D0D87777C5}.Debug|Any CPU.Build.0 = Debug|Any CPU
		{43112B7B-E8E0-B94A-C02C-40D0D87777C5}.Release|Any CPU.ActiveCfg = Release|Any CPU
		{43112B7B-E8E0-B94A-C02C-40D0D87777C5}.Release|Any CPU.Build.0 = Release|Any CPU
		{81D456DE-75E8-4338-B057-E28FB80F29A1}.Debug|Any CPU.ActiveCfg = Debug|Any CPU
		{81D456DE-75E8-4338-B057-E28FB80F29A1}.Debug|Any CPU.Build.0 = Debug|Any CPU
		{81D456DE-75E8-4338-B057-E28FB80F29A1}.Release|Any CPU.ActiveCfg = Release|Any CPU
		{81D456DE-75E8-4338-B057-E28FB80F29A1}.Release|Any CPU.Build.0 = Release|Any CPU
		{2103775C-758B-4D29-9918-933F4EBAD180}.Debug|Any CPU.ActiveCfg = Debug|Any CPU
		{2103775C-758B-4D29-9918-933F4EBAD180}.Debug|Any CPU.Build.0 = Debug|Any CPU
		{2103775C-758B-4D29-9918-933F4EBAD180}.Release|Any CPU.ActiveCfg = Release|Any CPU
		{2103775C-758B-4D29-9918-933F4EBAD180}.Release|Any CPU.Build.0 = Release|Any CPU
	EndGlobalSection
	GlobalSection(SolutionProperties) = preSolution
		HideSolutionNode = FALSE
	EndGlobalSection
	GlobalSection(ExtensibilityGlobals) = postSolution
		SolutionGuid = {A8298AB4-5C51-4598-8039-F20225FE91F6}
	EndGlobalSection
EndGlobal
